# This file is automatically @generated by Cargo.
# It is not intended for manual editing.
version = 3

[[package]]
name = "bvh-arena"
version = "1.1.3"
dependencies = [
 "glam",
 "slotmap",
]

[[package]]
name = "glam"
version = "0.30.3"
source = "registry+https://github.com/rust-lang/crates.io-index"
checksum = "6b46b9ca4690308844c644e7c634d68792467260e051c8543e0c7871662b3ba7"

[[package]]
name = "slotmap"
version = "1.0.6"
source = "registry+https://github.com/rust-lang/crates.io-index"
checksum = "e1e08e261d0e8f5c43123b7adf3e4ca1690d655377ac93a03b2c9d3e98de1342"
dependencies = [
 "version_check",
]

[[package]]
name = "version_check"
version = "0.9.5"
source = "registry+https://github.com/rust-lang/crates.io-index"
checksum = "0b928f33d975fc6ad9f86c8f283853ad26bdd5b10b7f1542aa2fa15e2289105a"
